{
  "name": "@fridaythings/core",
  "version": "0.0.1",
  "lockfileVersion": 2,
  "requires": true,
  "packages": {
    "": {
      "name": "@fridaythings/core",
      "version": "0.0.1",
      "license": "ISC",
      "devDependencies": {
        "@types/node": "14.14.8",
        "prettier": "^2.2.1",
        "typescript": "4.0.5"
      }
    },
    "node_modules/@types/node": {
      "version": "14.14.8",
      "resolved": "https://registry.npmjs.org/@types/node/-/node-14.14.8.tgz",
      "integrity": "sha512-z/5Yd59dCKI5kbxauAJgw6dLPzW+TNOItNE00PkpzNwUIEwdj/Lsqwq94H5DdYBX7C13aRA0CY32BK76+neEUA==",
      "dev": true
    },
    "node_modules/prettier": {
      "version": "2.2.1",
      "resolved": "https://registry.npmjs.org/prettier/-/prettier-2.2.1.tgz",
      "integrity": "sha512-PqyhM2yCjg/oKkFPtTGUojv7gnZAoG80ttl45O6x2Ug/rMJw4wcc9k6aaf2hibP7BGVCCM33gZoGjyvt9mm16Q==",
      "dev": true,
      "bin": {
        "prettier": "bin-prettier.js"
      },
      "engines": {
        "node": ">=10.13.0"
      }
    },
    "node_modules/typescript": {
      "version": "4.0.5",
      "resolved": "https://registry.npmjs.org/typescript/-/typescript-4.0.5.tgz",
      "integrity": "sha512-ywmr/VrTVCmNTJ6iV2LwIrfG1P+lv6luD8sUJs+2eI9NLGigaN+nUQc13iHqisq7bra9lnmUSYqbJvegraBOPQ==",
      "dev": true,
      "bin": {
        "tsc": "bin/tsc",
        "tsserver": "bin/tsserver"
      },
      "engines": {
        "node": ">=4.2.0"
      }
    }
  },
  "dependencies": {
    "@types/node": {
      "version": "14.14.8",
      "resolved": "https://registry.npmjs.org/@types/node/-/node-14.14.8.tgz",
      "integrity": "sha512-z/5Yd59dCKI5kbxauAJgw6dLPzW+TNOItNE00PkpzNwUIEwdj/Lsqwq94H5DdYBX7C13aRA0CY32BK76+neEUA==",
      "dev": true
    },
    "prettier": {
      "version": "2.2.1",
      "resolved": "https://registry.npmjs.org/prettier/-/prettier-2.2.1.tgz",
      "integrity": "sha512-PqyhM2yCjg/oKkFPtTGUojv7gnZAoG80ttl45O6x2Ug/rMJw4wcc9k6aaf2hibP7BGVCCM33gZoGjyvt9mm16Q==",
      "dev": true
    },
    "typescript": {
      "version": "4.0.5",
      "resolved": "https://registry.npmjs.org/typescript/-/typescript-4.0.5.tgz",
      "integrity": "sha512-ywmr/VrTVCmNTJ6iV2LwIrfG1P+lv6luD8sUJs+2eI9NLGigaN+nUQc13iHqisq7bra9lnmUSYqbJvegraBOPQ==",
      "dev": true
    }
  }
}
